// !$*UTF8*$!
{
	archiveVersion = 1;
	classes = {
	};
	objectVersion = 51;
	objects = {

/* Begin PBXBuildFile section */
		35D23732B6AF4FB9CF48C0A6 /* Pods_Its_Fitternity.framework in Frameworks */ = {isa = PBXBuildFile; fileRef = F992DD339CA8CED65CF95CD5 /* Pods_Its_Fitternity.framework */; };
		B0088D9526654FA900470B07 /* WorkOutInStudioCollectionViewCell.swift in Sources */ = {isa = PBXBuildFile; fileRef = B0088D9326654FA900470B07 /* WorkOutInStudioCollectionViewCell.swift */; };
		B0088D9626654FA900470B07 /* WorkOutInStudioCollectionViewCell.xib in Resources */ = {isa = PBXBuildFile; fileRef = B0088D9426654FA900470B07 /* WorkOutInStudioCollectionViewCell.xib */; };
		B0324F8926635E130004B73E /* AppDelegate.swift in Sources */ = {isa = PBXBuildFile; fileRef = B0324F8826635E130004B73E /* AppDelegate.swift */; };
		B0324F9026635E130004B73E /* Main.storyboard in Resources */ = {isa = PBXBuildFile; fileRef = B0324F8E26635E130004B73E /* Main.storyboard */; };
		B0324F9226635E150004B73E /* Assets.xcassets in Resources */ = {isa = PBXBuildFile; fileRef = B0324F9126635E150004B73E /* Assets.xcassets */; };
		B0324F9526635E150004B73E /* LaunchScreen.storyboard in Resources */ = {isa = PBXBuildFile; fileRef = B0324F9326635E150004B73E /* LaunchScreen.storyboard */; };
		B0324FA8266368810004B73E /* SceneDelegate.swift in Sources */ = {isa = PBXBuildFile; fileRef = B0324FA7266368810004B73E /* SceneDelegate.swift */; };
		B0324FAC26636F3B0004B73E /* DiscoverEventsVC.swift in Sources */ = {isa = PBXBuildFile; fileRef = B0324FAB26636F3B0004B73E /* DiscoverEventsVC.swift */; };
		B0324FB5266374E90004B73E /* Utilities.swift in Sources */ = {isa = PBXBuildFile; fileRef = B0324FB4266374E90004B73E /* Utilities.swift */; };
		B0324FB8266375960004B73E /* Constants.swift in Sources */ = {isa = PBXBuildFile; fileRef = B0324FB7266375960004B73E /* Constants.swift */; };
		B0324FBC266375E50004B73E /* ProductTagCollectionViewCell.swift in Sources */ = {isa = PBXBuildFile; fileRef = B0324FBA266375E50004B73E /* ProductTagCollectionViewCell.swift */; };
		B0324FBD266375E50004B73E /* ProductTagCollectionViewCell.xib in Resources */ = {isa = PBXBuildFile; fileRef = B0324FBB266375E50004B73E /* ProductTagCollectionViewCell.xib */; };
		B0324FEB266381720004B73E /* NetworkRouter.swift in Sources */ = {isa = PBXBuildFile; fileRef = B0324FEA266381710004B73E /* NetworkRouter.swift */; };
		B0324FEE266386920004B73E /* HomeScreenAtHomeModel.swift in Sources */ = {isa = PBXBuildFile; fileRef = B0324FED266386920004B73E /* HomeScreenAtHomeModel.swift */; };
		B03250112663B79B0004B73E /* BannerCollectionViewCell.swift in Sources */ = {isa = PBXBuildFile; fileRef = B032500F2663B79B0004B73E /* BannerCollectionViewCell.swift */; };
		B03250122663B79B0004B73E /* BannerCollectionViewCell.xib in Resources */ = {isa = PBXBuildFile; fileRef = B03250102663B79B0004B73E /* BannerCollectionViewCell.xib */; };
		B03250172663DA3C0004B73E /* CategoryCollectionViewCell.swift in Sources */ = {isa = PBXBuildFile; fileRef = B03250152663DA3C0004B73E /* CategoryCollectionViewCell.swift */; };
		B03250182663DA3C0004B73E /* CategoryCollectionViewCell.xib in Resources */ = {isa = PBXBuildFile; fileRef = B03250162663DA3C0004B73E /* CategoryCollectionViewCell.xib */; };
		B032501C2663DC7E0004B73E /* SubCategoryCollectionViewCell.swift in Sources */ = {isa = PBXBuildFile; fileRef = B032501A2663DC7E0004B73E /* SubCategoryCollectionViewCell.swift */; };
		B032501D2663DC7E0004B73E /* SubCategoryCollectionViewCell.xib in Resources */ = {isa = PBXBuildFile; fileRef = B032501B2663DC7E0004B73E /* SubCategoryCollectionViewCell.xib */; };
		B03250202663E6A00004B73E /* HomeScreenInStudioModel.swift in Sources */ = {isa = PBXBuildFile; fileRef = B032501F2663E6A00004B73E /* HomeScreenInStudioModel.swift */; };
/* End PBXBuildFile section */

/* Begin PBXFileReference section */
		89160F6D96DA3F7D01F36842 /* Pods-Its Fitternity.release.xcconfig */ = {isa = PBXFileReference; includeInIndex = 1; lastKnownFileType = text.xcconfig; name = "Pods-Its Fitternity.release.xcconfig"; path = "Target Support Files/Pods-Its Fitternity/Pods-Its Fitternity.release.xcconfig"; sourceTree = "<group>"; };
		B0088D9326654FA900470B07 /* WorkOutInStudioCollectionViewCell.swift */ = {isa = PBXFileReference; lastKnownFileType = sourcecode.swift; path = WorkOutInStudioCollectionViewCell.swift; sourceTree = "<group>"; };
		B0088D9426654FA900470B07 /* WorkOutInStudioCollectionViewCell.xib */ = {isa = PBXFileReference; lastKnownFileType = file.xib; path = WorkOutInStudioCollectionViewCell.xib; sourceTree = "<group>"; };
		B02BEB49E74D8743F78185FA /* Pods-Its Fitternity.debug.xcconfig */ = {isa = PBXFileReference; includeInIndex = 1; lastKnownFileType = text.xcconfig; name = "Pods-Its Fitternity.debug.xcconfig"; path = "Target Support Files/Pods-Its Fitternity/Pods-Its Fitternity.debug.xcconfig"; sourceTree = "<group>"; };
		B0324F8526635E130004B73E /* Its Fitternity.app */ = {isa = PBXFileReference; explicitFileType = wrapper.application; includeInIndex = 0; path = "Its Fitternity.app"; sourceTree = BUILT_PRODUCTS_DIR; };
		B0324F8826635E130004B73E /* AppDelegate.swift */ = {isa = PBXFileReference; lastKnownFileType = sourcecode.swift; path = AppDelegate.swift; sourceTree = "<group>"; };
		B0324F8F26635E130004B73E /* Base */ = {isa = PBXFileReference; lastKnownFileType = file.storyboard; name = Base; path = Base.lproj/Main.storyboard; sourceTree = "<group>"; };
		B0324F9126635E150004B73E /* Assets.xcassets */ = {isa = PBXFileReference; lastKnownFileType = folder.assetcatalog; path = Assets.xcassets; sourceTree = "<group>"; };
		B0324F9426635E150004B73E /* Base */ = {isa = PBXFileReference; lastKnownFileType = file.storyboard; name = Base; path = Base.lproj/LaunchScreen.storyboard; sourceTree = "<group>"; };
		B0324F9626635E150004B73E /* Info.plist */ = {isa = PBXFileReference; lastKnownFileType = text.plist.xml; path = Info.plist; sourceTree = "<group>"; };
		B0324FA7266368810004B73E /* SceneDelegate.swift */ = {isa = PBXFileReference; fileEncoding = 4; lastKnownFileType = sourcecode.swift; path = SceneDelegate.swift; sourceTree = "<group>"; };
		B0324FAB26636F3B0004B73E /* DiscoverEventsVC.swift */ = {isa = PBXFileReference; lastKnownFileType = sourcecode.swift; path = DiscoverEventsVC.swift; sourceTree = "<group>"; };
		B0324FB4266374E90004B73E /* Utilities.swift */ = {isa = PBXFileReference; lastKnownFileType = sourcecode.swift; path = Utilities.swift; sourceTree = "<group>"; };
		B0324FB7266375960004B73E /* Constants.swift */ = {isa = PBXFileReference; lastKnownFileType = sourcecode.swift; path = Constants.swift; sourceTree = "<group>"; };
		B0324FBA266375E50004B73E /* ProductTagCollectionViewCell.swift */ = {isa = PBXFileReference; lastKnownFileType = sourcecode.swift; path = ProductTagCollectionViewCell.swift; sourceTree = "<group>"; };
		B0324FBB266375E50004B73E /* ProductTagCollectionViewCell.xib */ = {isa = PBXFileReference; lastKnownFileType = file.xib; path = ProductTagCollectionViewCell.xib; sourceTree = "<group>"; };
		B0324FEA266381710004B73E /* NetworkRouter.swift */ = {isa = PBXFileReference; lastKnownFileType = sourcecode.swift; path = NetworkRouter.swift; sourceTree = "<group>"; };
		B0324FED266386920004B73E /* HomeScreenAtHomeModel.swift */ = {isa = PBXFileReference; lastKnownFileType = sourcecode.swift; path = HomeScreenAtHomeModel.swift; sourceTree = "<group>"; };
		B032500F2663B79B0004B73E /* BannerCollectionViewCell.swift */ = {isa = PBXFileReference; lastKnownFileType = sourcecode.swift; path = BannerCollectionViewCell.swift; sourceTree = "<group>"; };
		B03250102663B79B0004B73E /* BannerCollectionViewCell.xib */ = {isa = PBXFileReference; lastKnownFileType = file.xib; path = BannerCollectionViewCell.xib; sourceTree = "<group>"; };
		B03250152663DA3C0004B73E /* CategoryCollectionViewCell.swift */ = {isa = PBXFileReference; lastKnownFileType = sourcecode.swift; path = CategoryCollectionViewCell.swift; sourceTree = "<group>"; };
		B03250162663DA3C0004B73E /* CategoryCollectionViewCell.xib */ = {isa = PBXFileReference; lastKnownFileType = file.xib; path = CategoryCollectionViewCell.xib; sourceTree = "<group>"; };
		B032501A2663DC7E0004B73E /* SubCategoryCollectionViewCell.swift */ = {isa = PBXFileReference; lastKnownFileType = sourcecode.swift; path = SubCategoryCollectionViewCell.swift; sourceTree = "<group>"; };
		B032501B2663DC7E0004B73E /* SubCategoryCollectionViewCell.xib */ = {isa = PBXFileReference; lastKnownFileType = file.xib; path = SubCategoryCollectionViewCell.xib; sourceTree = "<group>"; };
		B032501F2663E6A00004B73E /* HomeScreenInStudioModel.swift */ = {isa = PBXFileReference; lastKnownFileType = sourcecode.swift; path = HomeScreenInStudioModel.swift; sourceTree = "<group>"; };
		F992DD339CA8CED65CF95CD5 /* Pods_Its_Fitternity.framework */ = {isa = PBXFileReference; explicitFileType = wrapper.framework; includeInIndex = 0; path = Pods_Its_Fitternity.framework; sourceTree = BUILT_PRODUCTS_DIR; };
/* End PBXFileReference section */

/* Begin PBXFrameworksBuildPhase section */
		B0324F8226635E130004B73E /* Frameworks */ = {
			isa = PBXFrameworksBuildPhase;
			buildActionMask = 2147483647;
			files = (
				35D23732B6AF4FB9CF48C0A6 /* Pods_Its_Fitternity.framework in Frameworks */,
			);
			runOnlyForDeploymentPostprocessing = 0;
		};
/* End PBXFrameworksBuildPhase section */

/* Begin PBXGroup section */
		8E4DDECC0A3603342352E74B /* Pods */ = {
			isa = PBXGroup;
			children = (
				B02BEB49E74D8743F78185FA /* Pods-Its Fitternity.debug.xcconfig */,
				89160F6D96DA3F7D01F36842 /* Pods-Its Fitternity.release.xcconfig */,
			);
			path = Pods;
			sourceTree = "<group>";
		};
		B0324F7C26635E120004B73E = {
			isa = PBXGroup;
			children = (
				B0324F8726635E130004B73E /* Its Fitternity */,
				B0324F8626635E130004B73E /* Products */,
				8E4DDECC0A3603342352E74B /* Pods */,
				B85A871E28C400FB66D6446F /* Frameworks */,
			);
			sourceTree = "<group>";
		};
		B0324F8626635E130004B73E /* Products */ = {
			isa = PBXGroup;
			children = (
				B0324F8526635E130004B73E /* Its Fitternity.app */,
			);
			name = Products;
			sourceTree = "<group>";
		};
		B0324F8726635E130004B73E /* Its Fitternity */ = {
			isa = PBXGroup;
			children = (
				B0324F8826635E130004B73E /* AppDelegate.swift */,
				B0324FA7266368810004B73E /* SceneDelegate.swift */,
				B0324FB3266374D40004B73E /* Utilities */,
				B0324F9F26635E740004B73E /* Model */,
				B0324F9E26635E680004B73E /* View */,
				B0324F9D26635E5C0004B73E /* ViewController */,
				B0324F8E26635E130004B73E /* Main.storyboard */,
				B0324F9126635E150004B73E /* Assets.xcassets */,
				B0324F9326635E150004B73E /* LaunchScreen.storyboard */,
				B0324F9626635E150004B73E /* Info.plist */,
			);
			path = "Its Fitternity";
			sourceTree = "<group>";
		};
		B0324F9D26635E5C0004B73E /* ViewController */ = {
			isa = PBXGroup;
			children = (
				B0324FAB26636F3B0004B73E /* DiscoverEventsVC.swift */,
			);
			path = ViewController;
			sourceTree = "<group>";
		};
		B0324F9E26635E680004B73E /* View */ = {
			isa = PBXGroup;
			children = (
				B0324FBA266375E50004B73E /* ProductTagCollectionViewCell.swift */,
				B0324FBB266375E50004B73E /* ProductTagCollectionViewCell.xib */,
				B032500F2663B79B0004B73E /* BannerCollectionViewCell.swift */,
				B03250102663B79B0004B73E /* BannerCollectionViewCell.xib */,
				B03250152663DA3C0004B73E /* CategoryCollectionViewCell.swift */,
				B03250162663DA3C0004B73E /* CategoryCollectionViewCell.xib */,
				B032501A2663DC7E0004B73E /* SubCategoryCollectionViewCell.swift */,
				B032501B2663DC7E0004B73E /* SubCategoryCollectionViewCell.xib */,
				B0088D9326654FA900470B07 /* WorkOutInStudioCollectionViewCell.swift */,
				B0088D9426654FA900470B07 /* WorkOutInStudioCollectionViewCell.xib */,
			);
			path = View;
			sourceTree = "<group>";
		};
		B0324F9F26635E740004B73E /* Model */ = {
			isa = PBXGroup;
			children = (
				B0324FED266386920004B73E /* HomeScreenAtHomeModel.swift */,
				B032501F2663E6A00004B73E /* HomeScreenInStudioModel.swift */,
			);
			path = Model;
			sourceTree = "<group>";
		};
		B0324FB3266374D40004B73E /* Utilities */ = {
			isa = PBXGroup;
			children = (
				B0324FB4266374E90004B73E /* Utilities.swift */,
				B0324FB7266375960004B73E /* Constants.swift */,
				B0324FEA266381710004B73E /* NetworkRouter.swift */,
			);
			path = Utilities;
			sourceTree = "<group>";
		};
		B85A871E28C400FB66D6446F /* Frameworks */ = {
			isa = PBXGroup;
			children = (
				F992DD339CA8CED65CF95CD5 /* Pods_Its_Fitternity.framework */,
			);
			name = Frameworks;
			sourceTree = "<group>";
		};
/* End PBXGroup section */

/* Begin PBXNativeTarget section */
		B0324F8426635E130004B73E /* Its Fitternity */ = {
			isa = PBXNativeTarget;
			buildConfigurationList = B0324F9926635E150004B73E /* Build configuration list for PBXNativeTarget "Its Fitternity" */;
			buildPhases = (
				77838FDBC1B8C29C52C014F4 /* [CP] Check Pods Manifest.lock */,
				B0324F8126635E130004B73E /* Sources */,
				B0324F8226635E130004B73E /* Frameworks */,
				B0324F8326635E130004B73E /* Resources */,
				D9D2297B7690F7A3A053D756 /* [CP] Embed Pods Frameworks */,
			);
			buildRules = (
			);
			dependencies = (
			);
			name = "Its Fitternity";
			productName = "Its Fitternity";
			productReference = B0324F8526635E130004B73E /* Its Fitternity.app */;
			productType = "com.apple.product-type.application";
		};
/* End PBXNativeTarget section */

/* Begin PBXProject section */
		B0324F7D26635E120004B73E /* Project object */ = {
			isa = PBXProject;
			attributes = {
				LastSwiftUpdateCheck = 1230;
				LastUpgradeCheck = 1230;
				TargetAttributes = {
					B0324F8426635E130004B73E = {
						CreatedOnToolsVersion = 12.3;
					};
				};
			};
			buildConfigurationList = B0324F8026635E120004B73E /* Build configuration list for PBXProject "Its Fitternity" */;
			compatibilityVersion = "Xcode 9.3";
			developmentRegion = en;
			hasScannedForEncodings = 0;
			knownRegions = (
				en,
				Base,
			);
			mainGroup = B0324F7C26635E120004B73E;
			productRefGroup = B0324F8626635E130004B73E /* Products */;
			projectDirPath = "";
			projectRoot = "";
			targets = (
				B0324F8426635E130004B73E /* Its Fitternity */,
			);
		};
/* End PBXProject section */

/* Begin PBXResourcesBuildPhase section */
		B0324F8326635E130004B73E /* Resources */ = {
			isa = PBXResourcesBuildPhase;
			buildActionMask = 2147483647;
			files = (
				B032501D2663DC7E0004B73E /* SubCategoryCollectionViewCell.xib in Resources */,
				B03250182663DA3C0004B73E /* CategoryCollectionViewCell.xib in Resources */,
				B0324F9526635E150004B73E /* LaunchScreen.storyboard in Resources */,
				B0324F9226635E150004B73E /* Assets.xcassets in Resources */,
				B0324FBD266375E50004B73E /* ProductTagCollectionViewCell.xib in Resources */,
				B0324F9026635E130004B73E /* Main.storyboard in Resources */,
				B03250122663B79B0004B73E /* BannerCollectionViewCell.xib in Resources */,
				B0088D9626654FA900470B07 /* WorkOutInStudioCollectionViewCell.xib in Resources */,
			);
			runOnlyForDeploymentPostprocessing = 0;
		};
/* End PBXResourcesBuildPhase section */

/* Begin PBXShellScriptBuildPhase section */
		77838FDBC1B8C29C52C014F4 /* [CP] Check Pods Manifest.lock */ = {
			isa = PBXShellScriptBuildPhase;
			buildActionMask = 2147483647;
			files = (
			);
			inputFileListPaths = (
			);
			inputPaths = (
				"${PODS_PODFILE_DIR_PATH}/Podfile.lock",
				"${PODS_ROOT}/Manifest.lock",
			);
			name = "[CP] Check Pods Manifest.lock";
			outputFileListPaths = (
			);
			outputPaths = (
				"$(DERIVED_FILE_DIR)/Pods-Its Fitternity-checkManifestLockResult.txt",
			);
			runOnlyForDeploymentPostprocessing = 0;
			shellPath = /bin/sh;
			shellScript = "diff \"${PODS_PODFILE_DIR_PATH}/Podfile.lock\" \"${PODS_ROOT}/Manifest.lock\" > /dev/null\nif [ $? != 0 ] ; then\n    # print error to STDERR\n    echo \"error: The sandbox is not in sync with the Podfile.lock. Run 'pod install' or update your CocoaPods installation.\" >&2\n    exit 1\nfi\n# This output is used by Xcode 'outputs' to avoid re-running this script phase.\necho \"SUCCESS\" > \"${SCRIPT_OUTPUT_FILE_0}\"\n";
			showEnvVarsInLog = 0;
		};
		D9D2297B7690F7A3A053D756 /* [CP] Embed Pods Frameworks */ = {
			isa = PBXShellScriptBuildPhase;
			buildActionMask = 2147483647;
			files = (
			);
			inputFileListPaths = (
				"${PODS_ROOT}/Target Support Files/Pods-Its Fitternity/Pods-Its Fitternity-frameworks-${CONFIGURATION}-input-files.xcfilelist",
			);
			name = "[CP] Embed Pods Frameworks";
			outputFileListPaths = (
				"${PODS_ROOT}/Target Support Files/Pods-Its Fitternity/Pods-Its Fitternity-frameworks-${CONFIGURATION}-output-files.xcfilelist",
			);
			runOnlyForDeploymentPostprocessing = 0;
			shellPath = /bin/sh;
			shellScript = "\"${PODS_ROOT}/Target Support Files/Pods-Its Fitternity/Pods-Its Fitternity-frameworks.sh\"\n";
			showEnvVarsInLog = 0;
		};
/* End PBXShellScriptBuildPhase section */

/* Begin PBXSourcesBuildPhase section */
		B0324F8126635E130004B73E /* Sources */ = {
			isa = PBXSourcesBuildPhase;
			buildActionMask = 2147483647;
			files = (
				B032501C2663DC7E0004B73E /* SubCategoryCollectionViewCell.swift in Sources */,
				B0088D9526654FA900470B07 /* WorkOutInStudioCollectionViewCell.swift in Sources */,
				B03250112663B79B0004B73E /* BannerCollectionViewCell.swift in Sources */,
				B0324FBC266375E50004B73E /* ProductTagCollectionViewCell.swift in Sources */,
				B0324F8926635E130004B73E /* AppDelegate.swift in Sources */,
				B0324FAC26636F3B0004B73E /* DiscoverEventsVC.swift in Sources */,
				B0324FB5266374E90004B73E /* Utilities.swift in Sources */,
				B0324FA8266368810004B73E /* SceneDelegate.swift in Sources */,
				B03250172663DA3C0004B73E /* CategoryCollectionViewCell.swift in Sources */,
				B0324FB8266375960004B73E /* Constants.swift in Sources */,
				B03250202663E6A00004B73E /* HomeScreenInStudioModel.swift in Sources */,
				B0324FEE266386920004B73E /* HomeScreenAtHomeModel.swift in Sources */,
				B0324FEB266381720004B73E /* NetworkRouter.swift in Sources */,
			);
			runOnlyForDeploymentPostprocessing = 0;
		};
/* End PBXSourcesBuildPhase section */

/* Begin PBXVariantGroup section */
		B0324F8E26635E130004B73E /* Main.storyboard */ = {
			isa = PBXVariantGroup;
			children = (
				B0324F8F26635E130004B73E /* Base */,
			);
			name = Main.storyboard;
			sourceTree = "<group>";
		};
		B0324F9326635E150004B73E /* LaunchScreen.storyboard */ = {
			isa = PBXVariantGroup;
			children = (
				B0324F9426635E150004B73E /* Base */,
			);
			name = LaunchScreen.storyboard;
			sourceTree = "<group>";
		};
/* End PBXVariantGroup section */

/* Begin XCBuildConfiguration section */
		B0324F9726635E150004B73E /* Debug */ = {
			isa = XCBuildConfiguration;
			buildSettings = {
				ALWAYS_SEARCH_USER_PATHS = NO;
				CLANG_ANALYZER_NONNULL = YES;
				CLANG_ANALYZER_NUMBER_OBJECT_CONVERSION = YES_AGGRESSIVE;
				CLANG_CXX_LANGUAGE_STANDARD = "gnu++14";
				CLANG_CXX_LIBRARY = "libc++";
				CLANG_ENABLE_MODULES = YES;
				CLANG_ENABLE_OBJC_ARC = YES;
				CLANG_ENABLE_OBJC_WEAK = YES;
				CLANG_WARN_BLOCK_CAPTURE_AUTORELEASING = YES;
				CLANG_WARN_BOOL_CONVERSION = YES;
				CLANG_WARN_COMMA = YES;
				CLANG_WARN_CONSTANT_CONVERSION = YES;
				CLANG_WARN_DEPRECATED_OBJC_IMPLEMENTATIONS = YES;
				CLANG_WARN_DIRECT_OBJC_ISA_USAGE = YES_ERROR;
				CLANG_WARN_DOCUMENTATION_COMMENTS = YES;
				CLANG_WARN_EMPTY_BODY = YES;
				CLANG_WARN_ENUM_CONVERSION = YES;
				CLANG_WARN_INFINITE_RECURSION = YES;
				CLANG_WARN_INT_CONVERSION = YES;
				CLANG_WARN_NON_LITERAL_NULL_CONVERSION = YES;
				CLANG_WARN_OBJC_IMPLICIT_RETAIN_SELF = YES;
				CLANG_WARN_OBJC_LITERAL_CONVERSION = YES;
				CLANG_WARN_OBJC_ROOT_CLASS = YES_ERROR;
				CLANG_WARN_QUOTED_INCLUDE_IN_FRAMEWORK_HEADER = YES;
				CLANG_WARN_RANGE_LOOP_ANALYSIS = YES;
				CLANG_WARN_STRICT_PROTOTYPES = YES;
				CLANG_WARN_SUSPICIOUS_MOVE = YES;
				CLANG_WARN_UNGUARDED_AVAILABILITY = YES_AGGRESSIVE;
				CLANG_WARN_UNREACHABLE_CODE = YES;
				CLANG_WARN__DUPLICATE_METHOD_MATCH = YES;
				COPY_PHASE_STRIP = NO;
				DEBUG_INFORMATION_FORMAT = dwarf;
				ENABLE_STRICT_OBJC_MSGSEND = YES;
				ENABLE_TESTABILITY = YES;
				GCC_C_LANGUAGE_STANDARD = gnu11;
				GCC_DYNAMIC_NO_PIC = NO;
				GCC_NO_COMMON_BLOCKS = YES;
				GCC_OPTIMIZATION_LEVEL = 0;
				GCC_PREPROCESSOR_DEFINITIONS = (
					"DEBUG=1",
					"$(inherited)",
				);
				GCC_WARN_64_TO_32_BIT_CONVERSION = YES;
				GCC_WARN_ABOUT_RETURN_TYPE = YES_ERROR;
				GCC_WARN_UNDECLARED_SELECTOR = YES;
				GCC_WARN_UNINITIALIZED_AUTOS = YES_AGGRESSIVE;
				GCC_WARN_UNUSED_FUNCTION = YES;
				GCC_WARN_UNUSED_VARIABLE = YES;
				IPHONEOS_DEPLOYMENT_TARGET = 13.0;
				MTL_ENABLE_DEBUG_INFO = INCLUDE_SOURCE;
				MTL_FAST_MATH = YES;
				ONLY_ACTIVE_ARCH = YES;
				SDKROOT = iphoneos;
				SWIFT_ACTIVE_COMPILATION_CONDITIONS = DEBUG;
				SWIFT_OPTIMIZATION_LEVEL = "-Onone";
			};
			name = Debug;
		};
		B0324F9826635E150004B73E /* Release */ = {
			isa = XCBuildConfiguration;
			buildSettings = {
				ALWAYS_SEARCH_USER_PATHS = NO;
				CLANG_ANALYZER_NONNULL = YES;
				CLANG_ANALYZER_NUMBER_OBJECT_CONVERSION = YES_AGGRESSIVE;
				CLANG_CXX_LANGUAGE_STANDARD = "gnu++14";
				CLANG_CXX_LIBRARY = "libc++";
				CLANG_ENABLE_MODULES = YES;
				CLANG_ENABLE_OBJC_ARC = YES;
				CLANG_ENABLE_OBJC_WEAK = YES;
				CLANG_WARN_BLOCK_CAPTURE_AUTORELEASING = YES;
				CLANG_WARN_BOOL_CONVERSION = YES;
				CLANG_WARN_COMMA = YES;
				CLANG_WARN_CONSTANT_CONVERSION = YES;
				CLANG_WARN_DEPRECATED_OBJC_IMPLEMENTATIONS = YES;
				CLANG_WARN_DIRECT_OBJC_ISA_USAGE = YES_ERROR;
				CLANG_WARN_DOCUMENTATION_COMMENTS = YES;
				CLANG_WARN_EMPTY_BODY = YES;
				CLANG_WARN_ENUM_CONVERSION = YES;
				CLANG_WARN_INFINITE_RECURSION = YES;
				CLANG_WARN_INT_CONVERSION = YES;
				CLANG_WARN_NON_LITERAL_NULL_CONVERSION = YES;
				CLANG_WARN_OBJC_IMPLICIT_RETAIN_SELF = YES;
				CLANG_WARN_OBJC_LITERAL_CONVERSION = YES;
				CLANG_WARN_OBJC_ROOT_CLASS = YES_ERROR;
				CLANG_WARN_QUOTED_INCLUDE_IN_FRAMEWORK_HEADER = YES;
				CLANG_WARN_RANGE_LOOP_ANALYSIS = YES;
				CLANG_WARN_STRICT_PROTOTYPES = YES;
				CLANG_WARN_SUSPICIOUS_MOVE = YES;
				CLANG_WARN_UNGUARDED_AVAILABILITY = YES_AGGRESSIVE;
				CLANG_WARN_UNREACHABLE_CODE = YES;
				CLANG_WARN__DUPLICATE_METHOD_MATCH = YES;
				COPY_PHASE_STRIP = NO;
				DEBUG_INFORMATION_FORMAT = "dwarf-with-dsym";
				ENABLE_NS_ASSERTIONS = NO;
				ENABLE_STRICT_OBJC_MSGSEND = YES;
				GCC_C_LANGUAGE_STANDARD = gnu11;
				GCC_NO_COMMON_BLOCKS = YES;
				GCC_WARN_64_TO_32_BIT_CONVERSION = YES;
				GCC_WARN_ABOUT_RETURN_TYPE = YES_ERROR;
				GCC_WARN_UNDECLARED_SELECTOR = YES;
				GCC_WARN_UNINITIALIZED_AUTOS = YES_AGGRESSIVE;
				GCC_WARN_UNUSED_FUNCTION = YES;
				GCC_WARN_UNUSED_VARIABLE = YES;
				IPHONEOS_DEPLOYMENT_TARGET = 13.0;
				MTL_ENABLE_DEBUG_INFO = NO;
				MTL_FAST_MATH = YES;
				SDKROOT = iphoneos;
				SWIFT_COMPILATION_MODE = wholemodule;
				SWIFT_OPTIMIZATION_LEVEL = "-O";
				VALIDATE_PRODUCT = YES;
			};
			name = Release;
		};
		B0324F9A26635E150004B73E /* Debug */ = {
			isa = XCBuildConfiguration;
			baseConfigurationReference = B02BEB49E74D8743F78185FA /* Pods-Its Fitternity.debug.xcconfig */;
			buildSettings = {
				ASSETCATALOG_COMPILER_APPICON_NAME = AppIcon;
				ASSETCATALOG_COMPILER_GLOBAL_ACCENT_COLOR_NAME = AccentColor;
				CODE_SIGN_STYLE = Automatic;
				DEVELOPMENT_TEAM = 4M66XSXVRU;
				INFOPLIST_FILE = "Its Fitternity/Info.plist";
				IPHONEOS_DEPLOYMENT_TARGET = 13.0;
				LD_RUNPATH_SEARCH_PATHS = (
					"$(inherited)",
					"@executable_path/Frameworks",
				);
				PRODUCT_BUNDLE_IDENTIFIER = "com.sagar.Its-Fitternity";
				PRODUCT_NAME = "$(TARGET_NAME)";
				SWIFT_VERSION = 5.0;
				TARGETED_DEVICE_FAMILY = 1;
			};
			name = Debug;
		};
		B0324F9B26635E150004B73E /* Release */ = {
			isa = XCBuildConfiguration;
			baseConfigurationReference = 89160F6D96DA3F7D01F36842 /* Pods-Its Fitternity.release.xcconfig */;
			buildSettings = {
				ASSETCATALOG_COMPILER_APPICON_NAME = AppIcon;
				ASSETCATALOG_COMPILER_GLOBAL_ACCENT_COLOR_NAME = AccentColor;
				CODE_SIGN_STYLE = Automatic;
				DEVELOPMENT_TEAM = 4M66XSXVRU;
				INFOPLIST_FILE = "Its Fitternity/Info.plist";
				IPHONEOS_DEPLOYMENT_TARGET = 13.0;
				LD_RUNPATH_SEARCH_PATHS = (
					"$(inherited)",
					"@executable_path/Frameworks",
				);
				PRODUCT_BUNDLE_IDENTIFIER = "com.sagar.Its-Fitternity";
				PRODUCT_NAME = "$(TARGET_NAME)";
				SWIFT_VERSION = 5.0;
				TARGETED_DEVICE_FAMILY = 1;
			};
			name = Release;
		};
/* End XCBuildConfiguration section */

/* Begin XCConfigurationList section */
		B0324F8026635E120004B73E /* Build configuration list for PBXProject "Its Fitternity" */ = {
			isa = XCConfigurationList;
			buildConfigurations = (
				B0324F9726635E150004B73E /* Debug */,
				B0324F9826635E150004B73E /* Release */,
			);
			defaultConfigurationIsVisible = 0;
			defaultConfigurationName = Release;
		};
		B0324F9926635E150004B73E /* Build configuration list for PBXNativeTarget "Its Fitternity" */ = {
			isa = XCConfigurationList;
			buildConfigurations = (
				B0324F9A26635E150004B73E /* Debug */,
				B0324F9B26635E150004B73E /* Release */,
			);
			defaultConfigurationIsVisible = 0;
			defaultConfigurationName = Release;
		};
/* End XCConfigurationList section */
	};
	rootObject = B0324F7D26635E120004B73E /* Project object */;
}
